# This file is autogenerated, do not edit; changes may be undone by the next 'dep ensure'.


[[projects]]
  branch = "master"
  name = "github.com/acaloiaro/go-pthreads"
  packages = ["."]
  revision = "5dbdc1c9d9d9b16605594e041aba06a6bde5b318"

[solve-meta]
  analyzer-name = "dep"
  analyzer-version = 1
  inputs-digest = "9fe30940cc02aeb060e92845b7c4fd012e15a9f4f8a0dd7a697883a159e90189"
  solver-name = "gps-cdcl"
  solver-version = 1
